
Microsoft Visual Studio Solution File, Format Version 12.00
# Visual Studio 14
VisualStudioVersion = 14.0.25420.1
MinimumVisualStudioVersion = 10.0.40219.1
Project("{FAE04EC0-301F-11D3-BF4B-00C04F79EFBC}") = "Epiphany.Sitemap", "Epiphany.Sitemap\Epiphany.Sitemap.csproj", "{F5A6FB41-D4E7-4FEA-877B-C629594C7843}"
EndProject
Project("{FAE04EC0-301F-11D3-BF4B-00C04F79EFBC}") = "Epiphany.Sitemap.Tests", "Epiphany.Sitemap.Tests\Epiphany.Sitemap.Tests.csproj", "{CAEB88B9-10B3-4EC1-9D18-F81DDFAAFB38}"
EndProject
Project("{2150E333-8FDC-42A3-9474-1A3956D46DE8}") = "Solution Files", "Solution Files", "{47CF6237-D508-49CB-B1AC-EAED1FB3D692}"
	ProjectSection(SolutionItems) = preProject
		.gitattributes = .gitattributes
		.gitignore = .gitignore
	EndProjectSection
EndProject
Global
	GlobalSection(SolutionConfigurationPlatforms) = preSolution
		Debug|Any CPU = Debug|Any CPU
		Release|Any CPU = Release|Any CPU
	EndGlobalSection
	GlobalSection(ProjectConfigurationPlatforms) = postSolution
		{F5A6FB41-D4E7-4FEA-877B-C629594C7843}.Debug|Any CPU.ActiveCfg = Debug|Any CPU
		{F5A6FB41-D4E7-4FEA-877B-C629594C7843}.Debug|Any CPU.Build.0 = Debug|Any CPU
		{F5A6FB41-D4E7-4FEA-877B-C629594C7843}.Release|Any CPU.ActiveCfg = Release|Any CPU
		{F5A6FB41-D4E7-4FEA-877B-C629594C7843}.Release|Any CPU.Build.0 = Release|Any CPU
		{CAEB88B9-10B3-4EC1-9D18-F81DDFAAFB38}.Debug|Any CPU.ActiveCfg = Debug|Any CPU
		{CAEB88B9-10B3-4EC1-9D18-F81DDFAAFB38}.Debug|Any CPU.Build.0 = Debug|Any CPU
		{CAEB88B9-10B3-4EC1-9D18-F81DDFAAFB38}.Release|Any CPU.ActiveCfg = Release|Any CPU
		{CAEB88B9-10B3-4EC1-9D18-F81DDFAAFB38}.Release|Any CPU.Build.0 = Release|Any CPU
	EndGlobalSection
	GlobalSection(SolutionProperties) = preSolution
		HideSolutionNode = FALSE
	EndGlobalSection
EndGlobal
